// !$*UTF8*$!
{
	archiveVersion = 1;
	classes = {
	};
	objectVersion = 50;
	objects = {

/* Begin PBXBuildFile section */
		A0F1AC2E238FD9A700FE914A /* AppDelegate.swift in Sources */ = {isa = PBXBuildFile; fileRef = A0F1AC2D238FD9A700FE914A /* AppDelegate.swift */; };
		A0F1AC30238FD9A700FE914A /* SceneDelegate.swift in Sources */ = {isa = PBXBuildFile; fileRef = A0F1AC2F238FD9A700FE914A /* SceneDelegate.swift */; };
		A0F1AC32238FD9A700FE914A /* ViewController.swift in Sources */ = {isa = PBXBuildFile; fileRef = A0F1AC31238FD9A700FE914A /* ViewController.swift */; };
		A0F1AC35238FD9A700FE914A /* Main.storyboard in Resources */ = {isa = PBXBuildFile; fileRef = A0F1AC33238FD9A700FE914A /* Main.storyboard */; };
		A0F1AC37238FD9AB00FE914A /* Assets.xcassets in Resources */ = {isa = PBXBuildFile; fileRef = A0F1AC36238FD9AB00FE914A /* Assets.xcassets */; };
		A0F1AC3A238FD9AB00FE914A /* LaunchScreen.storyboard in Resources */ = {isa = PBXBuildFile; fileRef = A0F1AC38238FD9AB00FE914A /* LaunchScreen.storyboard */; };
/* End PBXBuildFile section */

/* Begin PBXFileReference section */
		A0F1AC2A238FD9A700FE914A /* RectangleAnimation.app */ = {isa = PBXFileReference; explicitFileType = wrapper.application; includeInIndex = 0; path = RectangleAnimation.app; sourceTree = BUILT_PRODUCTS_DIR; };
		A0F1AC2D238FD9A700FE914A /* AppDelegate.swift */ = {isa = PBXFileReference; lastKnownFileType = sourcecode.swift; path = AppDelegate.swift; sourceTree = "<group>"; };
		A0F1AC2F238FD9A700FE914A /* SceneDelegate.swift */ = {isa = PBXFileReference; lastKnownFileType = sourcecode.swift; path = SceneDelegate.swift; sourceTree = "<group>"; };
		A0F1AC31238FD9A700FE914A /* ViewController.swift */ = {isa = PBXFileReference; lastKnownFileType = sourcecode.swift; path = ViewController.swift; sourceTree = "<group>"; };
		A0F1AC34238FD9A700FE914A /* Base */ = {isa = PBXFileReference; lastKnownFileType = file.storyboard; name = Base; path = Base.lproj/Main.storyboard; sourceTree = "<group>"; };
		A0F1AC36238FD9AB00FE914A /* Assets.xcassets */ = {isa = PBXFileReference; lastKnownFileType = folder.assetcatalog; path = Assets.xcassets; sourceTree = "<group>"; };
		A0F1AC39238FD9AB00FE914A /* Base */ = {isa = PBXFileReference; lastKnownFileType = file.storyboard; name = Base; path = Base.lproj/LaunchScreen.storyboard; sourceTree = "<group>"; };
		A0F1AC3B238FD9AB00FE914A /* Info.plist */ = {isa = PBXFileReference; lastKnownFileType = text.plist.xml; path = Info.plist; sourceTree = "<group>"; };
/* End PBXFileReference section */

/* Begin PBXFrameworksBuildPhase section */
		A0F1AC27238FD9A700FE914A /* Frameworks */ = {
			isa = PBXFrameworksBuildPhase;
			buildActionMask = 2147483647;
			files = (
			);
			runOnlyForDeploymentPostprocessing = 0;
		};
/* End PBXFrameworksBuildPhase section */

/* Begin PBXGroup section */
		A0F1AC21238FD9A700FE914A = {
			isa = PBXGroup;
			children = (
				A0F1AC2C238FD9A700FE914A /* RectangleAnimation */,
				A0F1AC2B238FD9A700FE914A /* Products */,
			);
			sourceTree = "<group>";
		};
		A0F1AC2B238FD9A700FE914A /* Products */ = {
			isa = PBXGroup;
			children = (
				A0F1AC2A238FD9A700FE914A /* RectangleAnimation.app */,
			);
			name = Products;
			sourceTree = "<group>";
		};
		A0F1AC2C238FD9A700FE914A /* RectangleAnimation */ = {
			isa = PBXGroup;
			children = (
				A0F1AC2D238FD9A700FE914A /* AppDelegate.swift */,
				A0F1AC2F238FD9A700FE914A /* SceneDelegate.swift */,
				A0F1AC31238FD9A700FE914A /* ViewController.swift */,
				A0F1AC33238FD9A700FE914A /* Main.storyboard */,
				A0F1AC36238FD9AB00FE914A /* Assets.xcassets */,
				A0F1AC38238FD9AB00FE914A /* LaunchScreen.storyboard */,
				A0F1AC3B238FD9AB00FE914A /* Info.plist */,
			);
			path = RectangleAnimation;
			sourceTree = "<group>";
		};
/* End PBXGroup section */

/* Begin PBXNativeTarget section */
		A0F1AC29238FD9A700FE914A /* RectangleAnimation */ = {
			isa = PBXNativeTarget;
			buildConfigurationList = A0F1AC3E238FD9AB00FE914A /* Build configuration list for PBXNativeTarget "RectangleAnimation" */;
			buildPhases = (
				A0F1AC26238FD9A700FE914A /* Sources */,
				A0F1AC27238FD9A700FE914A /* Frameworks */,
				A0F1AC28238FD9A700FE914A /* Resources */,
			);
			buildRules = (
			);
			dependencies = (
			);
			name = RectangleAnimation;
			productName = RectangleAnimation;
			productReference = A0F1AC2A238FD9A700FE914A /* RectangleAnimation.app */;
			productType = "com.apple.product-type.application";
		};
/* End PBXNativeTarget section */

/* Begin PBXProject section */
		A0F1AC22238FD9A700FE914A /* Project object */ = {
			isa = PBXProject;
			attributes = {
				LastSwiftUpdateCheck = 1110;
				LastUpgradeCheck = 1110;
				ORGANIZATIONNAME = kiwook;
				TargetAttributes = {
					A0F1AC29238FD9A700FE914A = {
						CreatedOnToolsVersion = 11.1;
					};
				};
			};
			buildConfigurationList = A0F1AC25238FD9A700FE914A /* Build configuration list for PBXProject "RectangleAnimation" */;
			compatibilityVersion = "Xcode 9.3";
			developmentRegion = en;
			hasScannedForEncodings = 0;
			knownRegions = (
				en,
				Base,
			);
			mainGroup = A0F1AC21238FD9A700FE914A;
			productRefGroup = A0F1AC2B238FD9A700FE914A /* Products */;
			projectDirPath = "";
			projectRoot = "";
			targets = (
				A0F1AC29238FD9A700FE914A /* RectangleAnimation */,
			);
		};
/* End PBXProject section */

/* Begin PBXResourcesBuildPhase section */
		A0F1AC28238FD9A700FE914A /* Resources */ = {
			isa = PBXResourcesBuildPhase;
			buildActionMask = 2147483647;
			files = (
				A0F1AC3A238FD9AB00FE914A /* LaunchScreen.storyboard in Resources */,
				A0F1AC37238FD9AB00FE914A /* Assets.xcassets in Resources */,
				A0F1AC35238FD9A700FE914A /* Main.storyboard in Resources */,
			);
			runOnlyForDeploymentPostprocessing = 0;
		};
/* End PBXResourcesBuildPhase section */

/* Begin PBXSourcesBuildPhase section */
		A0F1AC26238FD9A700FE914A /* Sources */ = {
			isa = PBXSourcesBuildPhase;
			buildActionMask = 2147483647;
			files = (
				A0F1AC32238FD9A700FE914A /* ViewController.swift in Sources */,
				A0F1AC2E238FD9A700FE914A /* AppDelegate.swift in Sources */,
				A0F1AC30238FD9A700FE914A /* SceneDelegate.swift in Sources */,
			);
			runOnlyForDeploymentPostprocessing = 0;
		};
/* End PBXSourcesBuildPhase section */

/* Begin PBXVariantGroup section */
		A0F1AC33238FD9A700FE914A /* Main.storyboard */ = {
			isa = PBXVariantGroup;
			children = (
				A0F1AC34238FD9A700FE914A /* Base */,
			);
			name = Main.storyboard;
			sourceTree = "<group>";
		};
		A0F1AC38238FD9AB00FE914A /* LaunchScreen.storyboard */ = {
			isa = PBXVariantGroup;
			children = (
				A0F1AC39238FD9AB00FE914A /* Base */,
			);
			name = LaunchScreen.storyboard;
			sourceTree = "<group>";
		};
/* End PBXVariantGroup section */

/* Begin XCBuildConfiguration section */
		A0F1AC3C238FD9AB00FE914A /* Debug */ = {
			isa = XCBuildConfiguration;
			buildSettings = {
				ALWAYS_SEARCH_USER_PATHS = NO;
				CLANG_ANALYZER_NONNULL = YES;
				CLANG_ANALYZER_NUMBER_OBJECT_CONVERSION = YES_AGGRESSIVE;
				CLANG_CXX_LANGUAGE_STANDARD = "gnu++14";
				CLANG_CXX_LIBRARY = "libc++";
				CLANG_ENABLE_MODULES = YES;
				CLANG_ENABLE_OBJC_ARC = YES;
				CLANG_ENABLE_OBJC_WEAK = YES;
				CLANG_WARN_BLOCK_CAPTURE_AUTORELEASING = YES;
				CLANG_WARN_BOOL_CONVERSION = YES;
				CLANG_WARN_COMMA = YES;
				CLANG_WARN_CONSTANT_CONVERSION = YES;
				CLANG_WARN_DEPRECATED_OBJC_IMPLEMENTATIONS = YES;
				CLANG_WARN_DIRECT_OBJC_ISA_USAGE = YES_ERROR;
				CLANG_WARN_DOCUMENTATION_COMMENTS = YES;
				CLANG_WARN_EMPTY_BODY = YES;
				CLANG_WARN_ENUM_CONVERSION = YES;
				CLANG_WARN_INFINITE_RECURSION = YES;
				CLANG_WARN_INT_CONVERSION = YES;
				CLANG_WARN_NON_LITERAL_NULL_CONVERSION = YES;
				CLANG_WARN_OBJC_IMPLICIT_RETAIN_SELF = YES;
				CLANG_WARN_OBJC_LITERAL_CONVERSION = YES;
				CLANG_WARN_OBJC_ROOT_CLASS = YES_ERROR;
				CLANG_WARN_RANGE_LOOP_ANALYSIS = YES;
				CLANG_WARN_STRICT_PROTOTYPES = YES;
				CLANG_WARN_SUSPICIOUS_MOVE = YES;
				CLANG_WARN_UNGUARDED_AVAILABILITY = YES_AGGRESSIVE;
				CLANG_WARN_UNREACHABLE_CODE = YES;
				CLANG_WARN__DUPLICATE_METHOD_MATCH = YES;
				COPY_PHASE_STRIP = NO;
				DEBUG_INFORMATION_FORMAT = dwarf;
				ENABLE_STRICT_OBJC_MSGSEND = YES;
				ENABLE_TESTABILITY = YES;
				GCC_C_LANGUAGE_STANDARD = gnu11;
				GCC_DYNAMIC_NO_PIC = NO;
				GCC_NO_COMMON_BLOCKS = YES;
				GCC_OPTIMIZATION_LEVEL = 0;
				GCC_PREPROCESSOR_DEFINITIONS = (
					"DEBUG=1",
					"$(inherited)",
				);
				GCC_WARN_64_TO_32_BIT_CONVERSION = YES;
				GCC_WARN_ABOUT_RETURN_TYPE = YES_ERROR;
				GCC_WARN_UNDECLARED_SELECTOR = YES;
				GCC_WARN_UNINITIALIZED_AUTOS = YES_AGGRESSIVE;
				GCC_WARN_UNUSED_FUNCTION = YES;
				GCC_WARN_UNUSED_VARIABLE = YES;
				IPHONEOS_DEPLOYMENT_TARGET = 13.1;
				MTL_ENABLE_DEBUG_INFO = INCLUDE_SOURCE;
				MTL_FAST_MATH = YES;
				ONLY_ACTIVE_ARCH = YES;
				SDKROOT = iphoneos;
				SWIFT_ACTIVE_COMPILATION_CONDITIONS = DEBUG;
				SWIFT_OPTIMIZATION_LEVEL = "-Onone";
			};
			name = Debug;
		};
		A0F1AC3D238FD9AB00FE914A /* Release */ = {
			isa = XCBuildConfiguration;
			buildSettings = {
				ALWAYS_SEARCH_USER_PATHS = NO;
				CLANG_ANALYZER_NONNULL = YES;
				CLANG_ANALYZER_NUMBER_OBJECT_CONVERSION = YES_AGGRESSIVE;
				CLANG_CXX_LANGUAGE_STANDARD = "gnu++14";
				CLANG_CXX_LIBRARY = "libc++";
				CLANG_ENABLE_MODULES = YES;
				CLANG_ENABLE_OBJC_ARC = YES;
				CLANG_ENABLE_OBJC_WEAK = YES;
				CLANG_WARN_BLOCK_CAPTURE_AUTORELEASING = YES;
				CLANG_WARN_BOOL_CONVERSION = YES;
				CLANG_WARN_COMMA = YES;
				CLANG_WARN_CONSTANT_CONVERSION = YES;
				CLANG_WARN_DEPRECATED_OBJC_IMPLEMENTATIONS = YES;
				CLANG_WARN_DIRECT_OBJC_ISA_USAGE = YES_ERROR;
				CLANG_WARN_DOCUMENTATION_COMMENTS = YES;
				CLANG_WARN_EMPTY_BODY = YES;
				CLANG_WARN_ENUM_CONVERSION = YES;
				CLANG_WARN_INFINITE_RECURSION = YES;
				CLANG_WARN_INT_CONVERSION = YES;
				CLANG_WARN_NON_LITERAL_NULL_CONVERSION = YES;
				CLANG_WARN_OBJC_IMPLICIT_RETAIN_SELF = YES;
				CLANG_WARN_OBJC_LITERAL_CONVERSION = YES;
				CLANG_WARN_OBJC_ROOT_CLASS = YES_ERROR;
				CLANG_WARN_RANGE_LOOP_ANALYSIS = YES;
				CLANG_WARN_STRICT_PROTOTYPES = YES;
				CLANG_WARN_SUSPICIOUS_MOVE = YES;
				CLANG_WARN_UNGUARDED_AVAILABILITY = YES_AGGRESSIVE;
				CLANG_WARN_UNREACHABLE_CODE = YES;
				CLANG_WARN__DUPLICATE_METHOD_MATCH = YES;
				COPY_PHASE_STRIP = NO;
				DEBUG_INFORMATION_FORMAT = "dwarf-with-dsym";
				ENABLE_NS_ASSERTIONS = NO;
				ENABLE_STRICT_OBJC_MSGSEND = YES;
				GCC_C_LANGUAGE_STANDARD = gnu11;
				GCC_NO_COMMON_BLOCKS = YES;
				GCC_WARN_64_TO_32_BIT_CONVERSION = YES;
				GCC_WARN_ABOUT_RETURN_TYPE = YES_ERROR;
				GCC_WARN_UNDECLARED_SELECTOR = YES;
				GCC_WARN_UNINITIALIZED_AUTOS = YES_AGGRESSIVE;
				GCC_WARN_UNUSED_FUNCTION = YES;
				GCC_WARN_UNUSED_VARIABLE = YES;
				IPHONEOS_DEPLOYMENT_TARGET = 13.1;
				MTL_ENABLE_DEBUG_INFO = NO;
				MTL_FAST_MATH = YES;
				SDKROOT = iphoneos;
				SWIFT_COMPILATION_MODE = wholemodule;
				SWIFT_OPTIMIZATION_LEVEL = "-O";
				VALIDATE_PRODUCT = YES;
			};
			name = Release;
		};
		A0F1AC3F238FD9AB00FE914A /* Debug */ = {
			isa = XCBuildConfiguration;
			buildSettings = {
				ASSETCATALOG_COMPILER_APPICON_NAME = AppIcon;
				CODE_SIGN_STYLE = Automatic;
				DEVELOPMENT_TEAM = HZ26D79YNZ;
				INFOPLIST_FILE = RectangleAnimation/Info.plist;
				LD_RUNPATH_SEARCH_PATHS = (
					"$(inherited)",
					"@executable_path/Frameworks",
				);
				PRODUCT_BUNDLE_IDENTIFIER = kiwook.RectangleAnimation;
				PRODUCT_NAME = "$(TARGET_NAME)";
				SWIFT_VERSION = 5.0;
				TARGETED_DEVICE_FAMILY = "1,2";
			};
			name = Debug;
		};
		A0F1AC40238FD9AB00FE914A /* Release */ = {
			isa = XCBuildConfiguration;
			buildSettings = {
				ASSETCATALOG_COMPILER_APPICON_NAME = AppIcon;
				CODE_SIGN_STYLE = Automatic;
				DEVELOPMENT_TEAM = HZ26D79YNZ;
				INFOPLIST_FILE = RectangleAnimation/Info.plist;
				LD_RUNPATH_SEARCH_PATHS = (
					"$(inherited)",
					"@executable_path/Frameworks",
				);
				PRODUCT_BUNDLE_IDENTIFIER = kiwook.RectangleAnimation;
				PRODUCT_NAME = "$(TARGET_NAME)";
				SWIFT_VERSION = 5.0;
				TARGETED_DEVICE_FAMILY = "1,2";
			};
			name = Release;
		};
/* End XCBuildConfiguration section */

/* Begin XCConfigurationList section */
		A0F1AC25238FD9A700FE914A /* Build configuration list for PBXProject "RectangleAnimation" */ = {
			isa = XCConfigurationList;
			buildConfigurations = (
				A0F1AC3C238FD9AB00FE914A /* Debug */,
				A0F1AC3D238FD9AB00FE914A /* Release */,
			);
			defaultConfigurationIsVisible = 0;
			defaultConfigurationName = Release;
		};
		A0F1AC3E238FD9AB00FE914A /* Build configuration list for PBXNativeTarget "RectangleAnimation" */ = {
			isa = XCConfigurationList;
			buildConfigurations = (
				A0F1AC3F238FD9AB00FE914A /* Debug */,
				A0F1AC40238FD9AB00FE914A /* Release */,
			);
			defaultConfigurationIsVisible = 0;
			defaultConfigurationName = Release;
		};
/* End XCConfigurationList section */
	};
	rootObject = A0F1AC22238FD9A700FE914A /* Project object */;
}
